// !$*UTF8*$!
{
	archiveVersion = 1;
	classes = {
	};
	objectVersion = 55;
	objects = {

/* Begin PBXBuildFile section */
		1B6C265A275E7E34005F085E /* AppDelegate.swift in Sources */ = {isa = PBXBuildFile; fileRef = 1B6C2659275E7E34005F085E /* AppDelegate.swift */; };
		1B6C265E275E7E34005F085E /* ViewController.swift in Sources */ = {isa = PBXBuildFile; fileRef = 1B6C265D275E7E34005F085E /* ViewController.swift */; };
		1B6C2661275E7E34005F085E /* Main.storyboard in Resources */ = {isa = PBXBuildFile; fileRef = 1B6C265F275E7E34005F085E /* Main.storyboard */; };
		1B6C2663275E7E3A005F085E /* Assets.xcassets in Resources */ = {isa = PBXBuildFile; fileRef = 1B6C2662275E7E3A005F085E /* Assets.xcassets */; };
		1B6C2666275E7E3A005F085E /* LaunchScreen.storyboard in Resources */ = {isa = PBXBuildFile; fileRef = 1B6C2664275E7E3A005F085E /* LaunchScreen.storyboard */; };
		1B6C269C275E8097005F085E /* NewsAPI.framework in Frameworks */ = {isa = PBXBuildFile; fileRef = 1B6C2698275E8061005F085E /* NewsAPI.framework */; };
		1B6C269D275E8097005F085E /* NewsAPI.framework in Embed Frameworks */ = {isa = PBXBuildFile; fileRef = 1B6C2698275E8061005F085E /* NewsAPI.framework */; settings = {ATTRIBUTES = (CodeSignOnCopy, RemoveHeadersOnCopy, ); }; };
		1B6C26BD27601BE1005F085E /* NewsListContracts.swift in Sources */ = {isa = PBXBuildFile; fileRef = 1B6C26BC27601BE1005F085E /* NewsListContracts.swift */; };
		1B6C26BF27601CFD005F085E /* NewsList.storyboard in Resources */ = {isa = PBXBuildFile; fileRef = 1B6C26BE27601CFC005F085E /* NewsList.storyboard */; };
		1B6C26C127601DA2005F085E /* NewsListView.swift in Sources */ = {isa = PBXBuildFile; fileRef = 1B6C26C027601DA1005F085E /* NewsListView.swift */; };
		1B6C26C327608BF4005F085E /* NewsListViewController.swift in Sources */ = {isa = PBXBuildFile; fileRef = 1B6C26C227608BF4005F085E /* NewsListViewController.swift */; };
		1B6C26C627609056005F085E /* NewsPresentation.swift in Sources */ = {isa = PBXBuildFile; fileRef = 1B6C26C527609056005F085E /* NewsPresentation.swift */; };
		1B6C26C92760A5E3005F085E /* AppContainer.swift in Sources */ = {isa = PBXBuildFile; fileRef = 1B6C26C82760A5E3005F085E /* AppContainer.swift */; };
		1B6C26CD2760A626005F085E /* AppRouter.swift in Sources */ = {isa = PBXBuildFile; fileRef = 1B6C26CC2760A626005F085E /* AppRouter.swift */; };
		1B6C26CF2760A896005F085E /* NewsListBuilder.swift in Sources */ = {isa = PBXBuildFile; fileRef = 1B6C26CE2760A896005F085E /* NewsListBuilder.swift */; };
/* End PBXBuildFile section */

/* Begin PBXContainerItemProxy section */
		1B6C2697275E8061005F085E /* PBXContainerItemProxy */ = {
			isa = PBXContainerItemProxy;
			containerPortal = 1B6C2692275E8061005F085E /* NewsAPI.xcodeproj */;
			proxyType = 2;
			remoteGlobalIDString = 1B6C2677275E7E5A005F085E;
			remoteInfo = NewsAPI;
		};
		1B6C2699275E8061005F085E /* PBXContainerItemProxy */ = {
			isa = PBXContainerItemProxy;
			containerPortal = 1B6C2692275E8061005F085E /* NewsAPI.xcodeproj */;
			proxyType = 2;
			remoteGlobalIDString = 1B6C2687275E7EEA005F085E;
			remoteInfo = NewsAPITests;
		};
/* End PBXContainerItemProxy section */

/* Begin PBXCopyFilesBuildPhase section */
		1B6C269E275E8097005F085E /* Embed Frameworks */ = {
			isa = PBXCopyFilesBuildPhase;
			buildActionMask = 2147483647;
			dstPath = "";
			dstSubfolderSpec = 10;
			files = (
				1B6C269D275E8097005F085E /* NewsAPI.framework in Embed Frameworks */,
			);
			name = "Embed Frameworks";
			runOnlyForDeploymentPostprocessing = 0;
		};
/* End PBXCopyFilesBuildPhase section */

/* Begin PBXFileReference section */
		1B6C2656275E7E34005F085E /* NewsAppMVC.app */ = {isa = PBXFileReference; explicitFileType = wrapper.application; includeInIndex = 0; path = NewsAppMVC.app; sourceTree = BUILT_PRODUCTS_DIR; };
		1B6C2659275E7E34005F085E /* AppDelegate.swift */ = {isa = PBXFileReference; lastKnownFileType = sourcecode.swift; path = AppDelegate.swift; sourceTree = "<group>"; };
		1B6C265D275E7E34005F085E /* ViewController.swift */ = {isa = PBXFileReference; lastKnownFileType = sourcecode.swift; path = ViewController.swift; sourceTree = "<group>"; };
		1B6C2660275E7E34005F085E /* Base */ = {isa = PBXFileReference; lastKnownFileType = file.storyboard; name = Base; path = Base.lproj/Main.storyboard; sourceTree = "<group>"; };
		1B6C2662275E7E3A005F085E /* Assets.xcassets */ = {isa = PBXFileReference; lastKnownFileType = folder.assetcatalog; path = Assets.xcassets; sourceTree = "<group>"; };
		1B6C2665275E7E3A005F085E /* Base */ = {isa = PBXFileReference; lastKnownFileType = file.storyboard; name = Base; path = Base.lproj/LaunchScreen.storyboard; sourceTree = "<group>"; };
		1B6C2667275E7E3A005F085E /* Info.plist */ = {isa = PBXFileReference; lastKnownFileType = text.plist.xml; path = Info.plist; sourceTree = "<group>"; };
		1B6C2692275E8061005F085E /* NewsAPI.xcodeproj */ = {isa = PBXFileReference; lastKnownFileType = "wrapper.pb-project"; name = NewsAPI.xcodeproj; path = ../NewsAPI/NewsAPI.xcodeproj; sourceTree = "<group>"; };
		1B6C26BC27601BE1005F085E /* NewsListContracts.swift */ = {isa = PBXFileReference; lastKnownFileType = sourcecode.swift; path = NewsListContracts.swift; sourceTree = "<group>"; };
		1B6C26BE27601CFC005F085E /* NewsList.storyboard */ = {isa = PBXFileReference; lastKnownFileType = file.storyboard; path = NewsList.storyboard; sourceTree = "<group>"; };
		1B6C26C027601DA1005F085E /* NewsListView.swift */ = {isa = PBXFileReference; lastKnownFileType = sourcecode.swift; path = NewsListView.swift; sourceTree = "<group>"; };
		1B6C26C227608BF4005F085E /* NewsListViewController.swift */ = {isa = PBXFileReference; lastKnownFileType = sourcecode.swift; path = NewsListViewController.swift; sourceTree = "<group>"; };
		1B6C26C527609056005F085E /* NewsPresentation.swift */ = {isa = PBXFileReference; lastKnownFileType = sourcecode.swift; path = NewsPresentation.swift; sourceTree = "<group>"; };
		1B6C26C82760A5E3005F085E /* AppContainer.swift */ = {isa = PBXFileReference; lastKnownFileType = sourcecode.swift; path = AppContainer.swift; sourceTree = "<group>"; };
		1B6C26CC2760A626005F085E /* AppRouter.swift */ = {isa = PBXFileReference; lastKnownFileType = sourcecode.swift; path = AppRouter.swift; sourceTree = "<group>"; };
		1B6C26CE2760A896005F085E /* NewsListBuilder.swift */ = {isa = PBXFileReference; lastKnownFileType = sourcecode.swift; name = NewsListBuilder.swift; path = ../NewsListBuilder.swift; sourceTree = "<group>"; };
/* End PBXFileReference section */

/* Begin PBXFrameworksBuildPhase section */
		1B6C2653275E7E34005F085E /* Frameworks */ = {
			isa = PBXFrameworksBuildPhase;
			buildActionMask = 2147483647;
			files = (
				1B6C269C275E8097005F085E /* NewsAPI.framework in Frameworks */,
			);
			runOnlyForDeploymentPostprocessing = 0;
		};
/* End PBXFrameworksBuildPhase section */

/* Begin PBXGroup section */
		1B6C264D275E7E34005F085E = {
			isa = PBXGroup;
			children = (
				1B6C269B275E8097005F085E /* Frameworks */,
				1B6C2658275E7E34005F085E /* NewsAppMVC */,
				1B6C2657275E7E34005F085E /* Products */,
				1B6C2691275E8028005F085E /* Vendor */,
			);
			sourceTree = "<group>";
		};
		1B6C2657275E7E34005F085E /* Products */ = {
			isa = PBXGroup;
			children = (
				1B6C2656275E7E34005F085E /* NewsAppMVC.app */,
			);
			name = Products;
			sourceTree = "<group>";
		};
		1B6C2658275E7E34005F085E /* NewsAppMVC */ = {
			isa = PBXGroup;
			children = (
				1B6C26B827601B86005F085E /* Scenes */,
				1B6C26B527601B6F005F085E /* App */,
				1B6C265D275E7E34005F085E /* ViewController.swift */,
				1B6C265F275E7E34005F085E /* Main.storyboard */,
				1B6C2662275E7E3A005F085E /* Assets.xcassets */,
				1B6C2664275E7E3A005F085E /* LaunchScreen.storyboard */,
				1B6C2667275E7E3A005F085E /* Info.plist */,
			);
			path = NewsAppMVC;
			sourceTree = "<group>";
		};
		1B6C2691275E8028005F085E /* Vendor */ = {
			isa = PBXGroup;
			children = (
				1B6C2692275E8061005F085E /* NewsAPI.xcodeproj */,
			);
			name = Vendor;
			sourceTree = "<group>";
		};
		1B6C2693275E8061005F085E /* Products */ = {
			isa = PBXGroup;
			children = (
				1B6C2698275E8061005F085E /* NewsAPI.framework */,
				1B6C269A275E8061005F085E /* NewsAPITests.xctest */,
			);
			name = Products;
			sourceTree = "<group>";
		};
		1B6C269B275E8097005F085E /* Frameworks */ = {
			isa = PBXGroup;
			children = (
			);
			name = Frameworks;
			sourceTree = "<group>";
		};
		1B6C26B527601B6F005F085E /* App */ = {
			isa = PBXGroup;
			children = (
				1B6C2659275E7E34005F085E /* AppDelegate.swift */,
				1B6C26C82760A5E3005F085E /* AppContainer.swift */,
				1B6C26CC2760A626005F085E /* AppRouter.swift */,
			);
			name = App;
			sourceTree = "<group>";
		};
		1B6C26B827601B86005F085E /* Scenes */ = {
			isa = PBXGroup;
			children = (
				1B6C26BB27601BC1005F085E /* NewsList */,
			);
			path = Scenes;
			sourceTree = "<group>";
		};
		1B6C26BB27601BC1005F085E /* NewsList */ = {
			isa = PBXGroup;
			children = (
				1B6C26BE27601CFC005F085E /* NewsList.storyboard */,
				1B6C26CE2760A896005F085E /* NewsListBuilder.swift */,
				1B6C26C027601DA1005F085E /* NewsListView.swift */,
				1B6C26BC27601BE1005F085E /* NewsListContracts.swift */,
				1B6C26C227608BF4005F085E /* NewsListViewController.swift */,
				1B6C26C527609056005F085E /* NewsPresentation.swift */,
			);
			name = NewsList;
			sourceTree = "<group>";
		};
/* End PBXGroup section */

/* Begin PBXNativeTarget section */
		1B6C2655275E7E34005F085E /* NewsAppMVC */ = {
			isa = PBXNativeTarget;
			buildConfigurationList = 1B6C266A275E7E3A005F085E /* Build configuration list for PBXNativeTarget "NewsAppMVC" */;
			buildPhases = (
				1B6C2652275E7E34005F085E /* Sources */,
				1B6C2653275E7E34005F085E /* Frameworks */,
				1B6C2654275E7E34005F085E /* Resources */,
				1B6C269E275E8097005F085E /* Embed Frameworks */,
			);
			buildRules = (
			);
			dependencies = (
			);
			name = NewsAppMVC;
			productName = NewsAppMVC;
			productReference = 1B6C2656275E7E34005F085E /* NewsAppMVC.app */;
			productType = "com.apple.product-type.application";
		};
/* End PBXNativeTarget section */

/* Begin PBXProject section */
		1B6C264E275E7E34005F085E /* Project object */ = {
			isa = PBXProject;
			attributes = {
				BuildIndependentTargetsInParallel = 1;
				LastSwiftUpdateCheck = 1310;
				LastUpgradeCheck = 1310;
				TargetAttributes = {
					1B6C2655275E7E34005F085E = {
						CreatedOnToolsVersion = 13.1;
					};
				};
			};
			buildConfigurationList = 1B6C2651275E7E34005F085E /* Build configuration list for PBXProject "NewsAppMVC" */;
			compatibilityVersion = "Xcode 13.0";
			developmentRegion = en;
			hasScannedForEncodings = 0;
			knownRegions = (
				en,
				Base,
			);
			mainGroup = 1B6C264D275E7E34005F085E;
			productRefGroup = 1B6C2657275E7E34005F085E /* Products */;
			projectDirPath = "";
			projectReferences = (
				{
					ProductGroup = 1B6C2693275E8061005F085E /* Products */;
					ProjectRef = 1B6C2692275E8061005F085E /* NewsAPI.xcodeproj */;
				},
			);
			projectRoot = "";
			targets = (
				1B6C2655275E7E34005F085E /* NewsAppMVC */,
			);
		};
/* End PBXProject section */

/* Begin PBXReferenceProxy section */
		1B6C2698275E8061005F085E /* NewsAPI.framework */ = {
			isa = PBXReferenceProxy;
			fileType = wrapper.framework;
			path = NewsAPI.framework;
			remoteRef = 1B6C2697275E8061005F085E /* PBXContainerItemProxy */;
			sourceTree = BUILT_PRODUCTS_DIR;
		};
		1B6C269A275E8061005F085E /* NewsAPITests.xctest */ = {
			isa = PBXReferenceProxy;
			fileType = wrapper.cfbundle;
			path = NewsAPITests.xctest;
			remoteRef = 1B6C2699275E8061005F085E /* PBXContainerItemProxy */;
			sourceTree = BUILT_PRODUCTS_DIR;
		};
/* End PBXReferenceProxy section */

/* Begin PBXResourcesBuildPhase section */
		1B6C2654275E7E34005F085E /* Resources */ = {
			isa = PBXResourcesBuildPhase;
			buildActionMask = 2147483647;
			files = (
				1B6C2666275E7E3A005F085E /* LaunchScreen.storyboard in Resources */,
				1B6C2663275E7E3A005F085E /* Assets.xcassets in Resources */,
				1B6C2661275E7E34005F085E /* Main.storyboard in Resources */,
				1B6C26BF27601CFD005F085E /* NewsList.storyboard in Resources */,
			);
			runOnlyForDeploymentPostprocessing = 0;
		};
/* End PBXResourcesBuildPhase section */

/* Begin PBXSourcesBuildPhase section */
		1B6C2652275E7E34005F085E /* Sources */ = {
			isa = PBXSourcesBuildPhase;
			buildActionMask = 2147483647;
			files = (
				1B6C26C627609056005F085E /* NewsPresentation.swift in Sources */,
				1B6C26C92760A5E3005F085E /* AppContainer.swift in Sources */,
				1B6C26BD27601BE1005F085E /* NewsListContracts.swift in Sources */,
				1B6C265E275E7E34005F085E /* ViewController.swift in Sources */,
				1B6C26C127601DA2005F085E /* NewsListView.swift in Sources */,
				1B6C26CD2760A626005F085E /* AppRouter.swift in Sources */,
				1B6C26C327608BF4005F085E /* NewsListViewController.swift in Sources */,
				1B6C265A275E7E34005F085E /* AppDelegate.swift in Sources */,
				1B6C26CF2760A896005F085E /* NewsListBuilder.swift in Sources */,
			);
			runOnlyForDeploymentPostprocessing = 0;
		};
/* End PBXSourcesBuildPhase section */

/* Begin PBXVariantGroup section */
		1B6C265F275E7E34005F085E /* Main.storyboard */ = {
			isa = PBXVariantGroup;
			children = (
				1B6C2660275E7E34005F085E /* Base */,
			);
			name = Main.storyboard;
			sourceTree = "<group>";
		};
		1B6C2664275E7E3A005F085E /* LaunchScreen.storyboard */ = {
			isa = PBXVariantGroup;
			children = (
				1B6C2665275E7E3A005F085E /* Base */,
			);
			name = LaunchScreen.storyboard;
			sourceTree = "<group>";
		};
/* End PBXVariantGroup section */

/* Begin XCBuildConfiguration section */
		1B6C2668275E7E3A005F085E /* Debug */ = {
			isa = XCBuildConfiguration;
			buildSettings = {
				ALWAYS_SEARCH_USER_PATHS = NO;
				CLANG_ANALYZER_NONNULL = YES;
				CLANG_ANALYZER_NUMBER_OBJECT_CONVERSION = YES_AGGRESSIVE;
				CLANG_CXX_LANGUAGE_STANDARD = "gnu++17";
				CLANG_CXX_LIBRARY = "libc++";
				CLANG_ENABLE_MODULES = YES;
				CLANG_ENABLE_OBJC_ARC = YES;
				CLANG_ENABLE_OBJC_WEAK = YES;
				CLANG_WARN_BLOCK_CAPTURE_AUTORELEASING = YES;
				CLANG_WARN_BOOL_CONVERSION = YES;
				CLANG_WARN_COMMA = YES;
				CLANG_WARN_CONSTANT_CONVERSION = YES;
				CLANG_WARN_DEPRECATED_OBJC_IMPLEMENTATIONS = YES;
				CLANG_WARN_DIRECT_OBJC_ISA_USAGE = YES_ERROR;
				CLANG_WARN_DOCUMENTATION_COMMENTS = YES;
				CLANG_WARN_EMPTY_BODY = YES;
				CLANG_WARN_ENUM_CONVERSION = YES;
				CLANG_WARN_INFINITE_RECURSION = YES;
				CLANG_WARN_INT_CONVERSION = YES;
				CLANG_WARN_NON_LITERAL_NULL_CONVERSION = YES;
				CLANG_WARN_OBJC_IMPLICIT_RETAIN_SELF = YES;
				CLANG_WARN_OBJC_LITERAL_CONVERSION = YES;
				CLANG_WARN_OBJC_ROOT_CLASS = YES_ERROR;
				CLANG_WARN_QUOTED_INCLUDE_IN_FRAMEWORK_HEADER = YES;
				CLANG_WARN_RANGE_LOOP_ANALYSIS = YES;
				CLANG_WARN_STRICT_PROTOTYPES = YES;
				CLANG_WARN_SUSPICIOUS_MOVE = YES;
				CLANG_WARN_UNGUARDED_AVAILABILITY = YES_AGGRESSIVE;
				CLANG_WARN_UNREACHABLE_CODE = YES;
				CLANG_WARN__DUPLICATE_METHOD_MATCH = YES;
				COPY_PHASE_STRIP = NO;
				DEBUG_INFORMATION_FORMAT = dwarf;
				ENABLE_STRICT_OBJC_MSGSEND = YES;
				ENABLE_TESTABILITY = YES;
				GCC_C_LANGUAGE_STANDARD = gnu11;
				GCC_DYNAMIC_NO_PIC = NO;
				GCC_NO_COMMON_BLOCKS = YES;
				GCC_OPTIMIZATION_LEVEL = 0;
				GCC_PREPROCESSOR_DEFINITIONS = (
					"DEBUG=1",
					"$(inherited)",
				);
				GCC_WARN_64_TO_32_BIT_CONVERSION = YES;
				GCC_WARN_ABOUT_RETURN_TYPE = YES_ERROR;
				GCC_WARN_UNDECLARED_SELECTOR = YES;
				GCC_WARN_UNINITIALIZED_AUTOS = YES_AGGRESSIVE;
				GCC_WARN_UNUSED_FUNCTION = YES;
				GCC_WARN_UNUSED_VARIABLE = YES;
				IPHONEOS_DEPLOYMENT_TARGET = 15.0;
				MTL_ENABLE_DEBUG_INFO = INCLUDE_SOURCE;
				MTL_FAST_MATH = YES;
				ONLY_ACTIVE_ARCH = YES;
				SDKROOT = iphoneos;
				SWIFT_ACTIVE_COMPILATION_CONDITIONS = DEBUG;
				SWIFT_OPTIMIZATION_LEVEL = "-Onone";
			};
			name = Debug;
		};
		1B6C2669275E7E3A005F085E /* Release */ = {
			isa = XCBuildConfiguration;
			buildSettings = {
				ALWAYS_SEARCH_USER_PATHS = NO;
				CLANG_ANALYZER_NONNULL = YES;
				CLANG_ANALYZER_NUMBER_OBJECT_CONVERSION = YES_AGGRESSIVE;
				CLANG_CXX_LANGUAGE_STANDARD = "gnu++17";
				CLANG_CXX_LIBRARY = "libc++";
				CLANG_ENABLE_MODULES = YES;
				CLANG_ENABLE_OBJC_ARC = YES;
				CLANG_ENABLE_OBJC_WEAK = YES;
				CLANG_WARN_BLOCK_CAPTURE_AUTORELEASING = YES;
				CLANG_WARN_BOOL_CONVERSION = YES;
				CLANG_WARN_COMMA = YES;
				CLANG_WARN_CONSTANT_CONVERSION = YES;
				CLANG_WARN_DEPRECATED_OBJC_IMPLEMENTATIONS = YES;
				CLANG_WARN_DIRECT_OBJC_ISA_USAGE = YES_ERROR;
				CLANG_WARN_DOCUMENTATION_COMMENTS = YES;
				CLANG_WARN_EMPTY_BODY = YES;
				CLANG_WARN_ENUM_CONVERSION = YES;
				CLANG_WARN_INFINITE_RECURSION = YES;
				CLANG_WARN_INT_CONVERSION = YES;
				CLANG_WARN_NON_LITERAL_NULL_CONVERSION = YES;
				CLANG_WARN_OBJC_IMPLICIT_RETAIN_SELF = YES;
				CLANG_WARN_OBJC_LITERAL_CONVERSION = YES;
				CLANG_WARN_OBJC_ROOT_CLASS = YES_ERROR;
				CLANG_WARN_QUOTED_INCLUDE_IN_FRAMEWORK_HEADER = YES;
				CLANG_WARN_RANGE_LOOP_ANALYSIS = YES;
				CLANG_WARN_STRICT_PROTOTYPES = YES;
				CLANG_WARN_SUSPICIOUS_MOVE = YES;
				CLANG_WARN_UNGUARDED_AVAILABILITY = YES_AGGRESSIVE;
				CLANG_WARN_UNREACHABLE_CODE = YES;
				CLANG_WARN__DUPLICATE_METHOD_MATCH = YES;
				COPY_PHASE_STRIP = NO;
				DEBUG_INFORMATION_FORMAT = "dwarf-with-dsym";
				ENABLE_NS_ASSERTIONS = NO;
				ENABLE_STRICT_OBJC_MSGSEND = YES;
				GCC_C_LANGUAGE_STANDARD = gnu11;
				GCC_NO_COMMON_BLOCKS = YES;
				GCC_WARN_64_TO_32_BIT_CONVERSION = YES;
				GCC_WARN_ABOUT_RETURN_TYPE = YES_ERROR;
				GCC_WARN_UNDECLARED_SELECTOR = YES;
				GCC_WARN_UNINITIALIZED_AUTOS = YES_AGGRESSIVE;
				GCC_WARN_UNUSED_FUNCTION = YES;
				GCC_WARN_UNUSED_VARIABLE = YES;
				IPHONEOS_DEPLOYMENT_TARGET = 15.0;
				MTL_ENABLE_DEBUG_INFO = NO;
				MTL_FAST_MATH = YES;
				SDKROOT = iphoneos;
				SWIFT_COMPILATION_MODE = wholemodule;
				SWIFT_OPTIMIZATION_LEVEL = "-O";
				VALIDATE_PRODUCT = YES;
			};
			name = Release;
		};
		1B6C266B275E7E3A005F085E /* Debug */ = {
			isa = XCBuildConfiguration;
			buildSettings = {
				ASSETCATALOG_COMPILER_APPICON_NAME = AppIcon;
				ASSETCATALOG_COMPILER_GLOBAL_ACCENT_COLOR_NAME = AccentColor;
				CODE_SIGN_STYLE = Automatic;
				CURRENT_PROJECT_VERSION = 1;
				DEVELOPMENT_TEAM = 5MNU4WM44M;
				GENERATE_INFOPLIST_FILE = YES;
				INFOPLIST_FILE = NewsAppMVC/Info.plist;
				INFOPLIST_KEY_UIApplicationSupportsIndirectInputEvents = YES;
				INFOPLIST_KEY_UILaunchStoryboardName = LaunchScreen;
				INFOPLIST_KEY_UISupportedInterfaceOrientations_iPad = "UIInterfaceOrientationPortrait UIInterfaceOrientationPortraitUpsideDown UIInterfaceOrientationLandscapeLeft UIInterfaceOrientationLandscapeRight";
				INFOPLIST_KEY_UISupportedInterfaceOrientations_iPhone = "UIInterfaceOrientationPortrait UIInterfaceOrientationLandscapeLeft UIInterfaceOrientationLandscapeRight";
				LD_RUNPATH_SEARCH_PATHS = (
					"$(inherited)",
					"@executable_path/Frameworks",
				);
				MARKETING_VERSION = 1.0;
				PRODUCT_BUNDLE_IDENTIFIER = com.sinankulen.NewsAppMVC;
				PRODUCT_NAME = "$(TARGET_NAME)";
				SWIFT_EMIT_LOC_STRINGS = YES;
				SWIFT_VERSION = 5.0;
				TARGETED_DEVICE_FAMILY = "1,2";
			};
			name = Debug;
		};
		1B6C266C275E7E3A005F085E /* Release */ = {
			isa = XCBuildConfiguration;
			buildSettings = {
				ASSETCATALOG_COMPILER_APPICON_NAME = AppIcon;
				ASSETCATALOG_COMPILER_GLOBAL_ACCENT_COLOR_NAME = AccentColor;
				CODE_SIGN_STYLE = Automatic;
				CURRENT_PROJECT_VERSION = 1;
				DEVELOPMENT_TEAM = 5MNU4WM44M;
				GENERATE_INFOPLIST_FILE = YES;
				INFOPLIST_FILE = NewsAppMVC/Info.plist;
				INFOPLIST_KEY_UIApplicationSupportsIndirectInputEvents = YES;
				INFOPLIST_KEY_UILaunchStoryboardName = LaunchScreen;
				INFOPLIST_KEY_UISupportedInterfaceOrientations_iPad = "UIInterfaceOrientationPortrait UIInterfaceOrientationPortraitUpsideDown UIInterfaceOrientationLandscapeLeft UIInterfaceOrientationLandscapeRight";
				INFOPLIST_KEY_UISupportedInterfaceOrientations_iPhone = "UIInterfaceOrientationPortrait UIInterfaceOrientationLandscapeLeft UIInterfaceOrientationLandscapeRight";
				LD_RUNPATH_SEARCH_PATHS = (
					"$(inherited)",
					"@executable_path/Frameworks",
				);
				MARKETING_VERSION = 1.0;
				PRODUCT_BUNDLE_IDENTIFIER = com.sinankulen.NewsAppMVC;
				PRODUCT_NAME = "$(TARGET_NAME)";
				SWIFT_EMIT_LOC_STRINGS = YES;
				SWIFT_VERSION = 5.0;
				TARGETED_DEVICE_FAMILY = "1,2";
			};
			name = Release;
		};
/* End XCBuildConfiguration section */

/* Begin XCConfigurationList section */
		1B6C2651275E7E34005F085E /* Build configuration list for PBXProject "NewsAppMVC" */ = {
			isa = XCConfigurationList;
			buildConfigurations = (
				1B6C2668275E7E3A005F085E /* Debug */,
				1B6C2669275E7E3A005F085E /* Release */,
			);
			defaultConfigurationIsVisible = 0;
			defaultConfigurationName = Release;
		};
		1B6C266A275E7E3A005F085E /* Build configuration list for PBXNativeTarget "NewsAppMVC" */ = {
			isa = XCConfigurationList;
			buildConfigurations = (
				1B6C266B275E7E3A005F085E /* Debug */,
				1B6C266C275E7E3A005F085E /* Release */,
			);
			defaultConfigurationIsVisible = 0;
			defaultConfigurationName = Release;
		};
/* End XCConfigurationList section */
	};
	rootObject = 1B6C264E275E7E34005F085E /* Project object */;
}
